Microsoft Visual Studio Solution File, Format Version 10.00
# Visual Studio 2008
Project("{8BC9CEB8-8B4A-11D0-8D11-00A0C91BC942}") = "AIMLib", "AIMLib\AIMLib.vcproj", "{55C46FEE-EC2D-43B7-8D7D-90227705C454}"
	ProjectSection(ProjectDependencies) = postProject
		{5CCDF85F-DC01-43BF-A2C2-ACB1BD6BEA42} = {5CCDF85F-DC01-43BF-A2C2-ACB1BD6BEA42}
		{3E4146D4-2603-4873-B8AE-4B83B18ABE9F} = {3E4146D4-2603-4873-B8AE-4B83B18ABE9F}
		{17A232C8-29E7-C040-819C-976DAFED91ED} = {17A232C8-29E7-C040-819C-976DAFED91ED}
	EndProjectSection
EndProject
Project("{8BC9CEB8-8B4A-11D0-8D11-00A0C91BC942}") = "AIMLibTest", "AIMLibTest\AIMLibTest.vcproj", "{3E4446BE-0E13-4F76-88C2-1C3E7D45CC72}"
	ProjectSection(ProjectDependencies) = postProject
		{55C46FEE-EC2D-43B7-8D7D-90227705C454} = {55C46FEE-EC2D-43B7-8D7D-90227705C454}
	EndProjectSection
EndProject
Project("{8BC9CEB8-8B4A-11D0-8D11-00A0C91BC942}") = "Altova", "Altova\Altova.vcproj", "{5CCDF85F-DC01-43BF-A2C2-ACB1BD6BEA42}"
EndProject
Project("{8BC9CEB8-8B4A-11D0-8D11-00A0C91BC942}") = "AltovaXML", "AltovaXML\AltovaXML.vcproj", "{3E4146D4-2603-4873-B8AE-4B83B18ABE9F}"
EndProject
Project("{8BC9CEB8-8B4A-11D0-8D11-00A0C91BC942}") = "AIMXML", "AIMXML\AIMXML.vcproj", "{17A232C8-29E7-C040-819C-976DAFED91ED}"
EndProject
Project("{8BC9CEB8-8B4A-11D0-8D11-00A0C91BC942}") = "AIMConverter", "AIMConverter\AIMConverter.vcproj", "{08C18D64-39D7-4CA9-909A-5FB5ACAA3FD8}"
	ProjectSection(ProjectDependencies) = postProject
		{55C46FEE-EC2D-43B7-8D7D-90227705C454} = {55C46FEE-EC2D-43B7-8D7D-90227705C454}
	EndProjectSection
EndProject
Global
	GlobalSection(SolutionConfigurationPlatforms) = preSolution
		Debug|Win32 = Debug|Win32
		Debug|x64 = Debug|x64
		Release|Win32 = Release|Win32
		Release|x64 = Release|x64
	EndGlobalSection
	GlobalSection(ProjectConfigurationPlatforms) = postSolution
		{55C46FEE-EC2D-43B7-8D7D-90227705C454}.Debug|Win32.ActiveCfg = Debug|Win32
		{55C46FEE-EC2D-43B7-8D7D-90227705C454}.Debug|Win32.Build.0 = Debug|Win32
		{55C46FEE-EC2D-43B7-8D7D-90227705C454}.Debug|x64.ActiveCfg = Debug|x64
		{55C46FEE-EC2D-43B7-8D7D-90227705C454}.Debug|x64.Build.0 = Debug|x64
		{55C46FEE-EC2D-43B7-8D7D-90227705C454}.Release|Win32.ActiveCfg = Release|Win32
		{55C46FEE-EC2D-43B7-8D7D-90227705C454}.Release|Win32.Build.0 = Release|Win32
		{55C46FEE-EC2D-43B7-8D7D-90227705C454}.Release|x64.ActiveCfg = Release|x64
		{55C46FEE-EC2D-43B7-8D7D-90227705C454}.Release|x64.Build.0 = Release|x64
		{3E4446BE-0E13-4F76-88C2-1C3E7D45CC72}.Debug|Win32.ActiveCfg = Debug|Win32
		{3E4446BE-0E13-4F76-88C2-1C3E7D45CC72}.Debug|Win32.Build.0 = Debug|Win32
		{3E4446BE-0E13-4F76-88C2-1C3E7D45CC72}.Debug|x64.ActiveCfg = Debug|x64
		{3E4446BE-0E13-4F76-88C2-1C3E7D45CC72}.Debug|x64.Build.0 = Debug|x64
		{3E4446BE-0E13-4F76-88C2-1C3E7D45CC72}.Release|Win32.ActiveCfg = Release|Win32
		{3E4446BE-0E13-4F76-88C2-1C3E7D45CC72}.Release|Win32.Build.0 = Release|Win32
		{3E4446BE-0E13-4F76-88C2-1C3E7D45CC72}.Release|x64.ActiveCfg = Release|x64
		{3E4446BE-0E13-4F76-88C2-1C3E7D45CC72}.Release|x64.Build.0 = Release|x64
		{5CCDF85F-DC01-43BF-A2C2-ACB1BD6BEA42}.Debug|Win32.ActiveCfg = Debug|Win32
		{5CCDF85F-DC01-43BF-A2C2-ACB1BD6BEA42}.Debug|Win32.Build.0 = Debug|Win32
		{5CCDF85F-DC01-43BF-A2C2-ACB1BD6BEA42}.Debug|x64.ActiveCfg = Debug|x64
		{5CCDF85F-DC01-43BF-A2C2-ACB1BD6BEA42}.Debug|x64.Build.0 = Debug|x64
		{5CCDF85F-DC01-43BF-A2C2-ACB1BD6BEA42}.Release|Win32.ActiveCfg = Release|Win32
		{5CCDF85F-DC01-43BF-A2C2-ACB1BD6BEA42}.Release|Win32.Build.0 = Release|Win32
		{5CCDF85F-DC01-43BF-A2C2-ACB1BD6BEA42}.Release|x64.ActiveCfg = Release|x64
		{5CCDF85F-DC01-43BF-A2C2-ACB1BD6BEA42}.Release|x64.Build.0 = Release|x64
		{3E4146D4-2603-4873-B8AE-4B83B18ABE9F}.Debug|Win32.ActiveCfg = Debug|Win32
		{3E4146D4-2603-4873-B8AE-4B83B18ABE9F}.Debug|Win32.Build.0 = Debug|Win32
		{3E4146D4-2603-4873-B8AE-4B83B18ABE9F}.Debug|x64.ActiveCfg = Debug|x64
		{3E4146D4-2603-4873-B8AE-4B83B18ABE9F}.Debug|x64.Build.0 = Debug|x64
		{3E4146D4-2603-4873-B8AE-4B83B18ABE9F}.Release|Win32.ActiveCfg = Release|Win32
		{3E4146D4-2603-4873-B8AE-4B83B18ABE9F}.Release|Win32.Build.0 = Release|Win32
		{3E4146D4-2603-4873-B8AE-4B83B18ABE9F}.Release|x64.ActiveCfg = Release|x64
		{3E4146D4-2603-4873-B8AE-4B83B18ABE9F}.Release|x64.Build.0 = Release|x64
		{17A232C8-29E7-C040-819C-976DAFED91ED}.Debug|Win32.ActiveCfg = Debug|Win32
		{17A232C8-29E7-C040-819C-976DAFED91ED}.Debug|Win32.Build.0 = Debug|Win32
		{17A232C8-29E7-C040-819C-976DAFED91ED}.Debug|x64.ActiveCfg = Debug|x64
		{17A232C8-29E7-C040-819C-976DAFED91ED}.Debug|x64.Build.0 = Debug|x64
		{17A232C8-29E7-C040-819C-976DAFED91ED}.Release|Win32.ActiveCfg = Release|Win32
		{17A232C8-29E7-C040-819C-976DAFED91ED}.Release|Win32.Build.0 = Release|Win32
		{17A232C8-29E7-C040-819C-976DAFED91ED}.Release|x64.ActiveCfg = Release|x64
		{17A232C8-29E7-C040-819C-976DAFED91ED}.Release|x64.Build.0 = Release|x64
		{08C18D64-39D7-4CA9-909A-5FB5ACAA3FD8}.Debug|Win32.ActiveCfg = Debug|Win32
		{08C18D64-39D7-4CA9-909A-5FB5ACAA3FD8}.Debug|Win32.Build.0 = Debug|Win32
		{08C18D64-39D7-4CA9-909A-5FB5ACAA3FD8}.Debug|x64.ActiveCfg = Debug|x64
		{08C18D64-39D7-4CA9-909A-5FB5ACAA3FD8}.Debug|x64.Build.0 = Debug|x64
		{08C18D64-39D7-4CA9-909A-5FB5ACAA3FD8}.Release|Win32.ActiveCfg = Release|Win32
		{08C18D64-39D7-4CA9-909A-5FB5ACAA3FD8}.Release|Win32.Build.0 = Release|Win32
		{08C18D64-39D7-4CA9-909A-5FB5ACAA3FD8}.Release|x64.ActiveCfg = Release|x64
		{08C18D64-39D7-4CA9-909A-5FB5ACAA3FD8}.Release|x64.Build.0 = Release|x64
	EndGlobalSection
	GlobalSection(SolutionProperties) = preSolution
		HideSolutionNode = FALSE
	EndGlobalSection
EndGlobal
